using System;
using System.IO;

namespace FolderReader
{
    internal class Program
    {
        static void ReadFiles(string directory, int currentLevel)
        {
            // Console.WriteLine("------=" + directory);
            string[] files = Directory.GetFiles(directory);

            for (int i = 0; i < files.Length; i++)
            {
                currentLevel += 1;
                for (int j = 0; j < currentLevel; j++) Console.Write(" ");
                Console.WriteLine($"{currentLevel} {files[i]}");
            }
        }

        static void ReadFolders(string directory, int currentLevel)
        {
            string[] folders = Directory.GetDirectories(directory);

            for (int i = 0; i < currentLevel; i++) Console.Write("  ");
            Console.WriteLine($"{currentLevel} {directory}");
            for (int i = 0; i < folders.Length; i++)
            {
                ReadFiles(folders[i], currentLevel);
                ReadFolders(folders[i], currentLevel + 1);
            }
        }

        static void Main(string[] args)
        {
            ReadFolders(@"C:\Users\user\Downloads\MusicCS", 0);
        }
    }
}
